
Microsoft Visual Studio Solution File, Format Version 12.00
# Visual Studio Version 17
VisualStudioVersion = 17.4.33213.308
MinimumVisualStudioVersion = 10.0.40219.1
Project("{9A19103F-16F7-4668-BE54-9A1E7A4F7556}") = "SimpleElasticsearchTester", "SimpleElasticsearchTester\SimpleElasticsearchTester.csproj", "{A3E49673-92C9-428F-9E03-C1B3958777EE}"
EndProject
Global
	GlobalSection(SolutionConfigurationPlatforms) = preSolution
		Debug|Any CPU = Debug|Any CPU
		Release|Any CPU = Release|Any CPU
	EndGlobalSection
	GlobalSection(ProjectConfigurationPlatforms) = postSolution
		{A3E49673-92C9-428F-9E03-C1B3958777EE}.Debug|Any CPU.ActiveCfg = Debug|Any CPU
		{A3E49673-92C9-428F-9E03-C1B3958777EE}.Debug|Any CPU.Build.0 = Debug|Any CPU
		{A3E49673-92C9-428F-9E03-C1B3958777EE}.Release|Any CPU.ActiveCfg = Release|Any CPU
		{A3E49673-92C9-428F-9E03-C1B3958777EE}.Release|Any CPU.Build.0 = Release|Any CPU
	EndGlobalSection
	GlobalSection(SolutionProperties) = preSolution
		HideSolutionNode = FALSE
	EndGlobalSection
	GlobalSection(ExtensibilityGlobals) = postSolution
		SolutionGuid = {AFEC579A-D463-4AFC-BCA0-4ED4ED9D4ACC}
	EndGlobalSection
EndGlobal
